// !$*UTF8*$!
{
	archiveVersion = 1;
	classes = {
	};
	objectVersion = 56;
	objects = {

/* Begin PBXBuildFile section */
		7D0A95122AD7C90C00F6836D /* GoogleService-Info.plist in Resources */ = {isa = PBXBuildFile; fileRef = 7D0A95112AD7C90C00F6836D /* GoogleService-Info.plist */; };
		7D0A95152AD7CAE500F6836D /* FirebaseDatabase in Frameworks */ = {isa = PBXBuildFile; productRef = 7D0A95142AD7CAE500F6836D /* FirebaseDatabase */; };
		7D0A95172AD7CAE500F6836D /* FirebaseDatabaseSwift in Frameworks */ = {isa = PBXBuildFile; productRef = 7D0A95162AD7CAE500F6836D /* FirebaseDatabaseSwift */; };
		7D0A95192AD7CAE500F6836D /* FirebaseDynamicLinks in Frameworks */ = {isa = PBXBuildFile; productRef = 7D0A95182AD7CAE500F6836D /* FirebaseDynamicLinks */; };
		7D0A951B2AD7CAE500F6836D /* FirebaseFunctions in Frameworks */ = {isa = PBXBuildFile; productRef = 7D0A951A2AD7CAE500F6836D /* FirebaseFunctions */; };
		7D0A951D2AD7CAE500F6836D /* FirebaseMessaging in Frameworks */ = {isa = PBXBuildFile; productRef = 7D0A951C2AD7CAE500F6836D /* FirebaseMessaging */; };
		7D0A951F2AD7CAE500F6836D /* FirebaseStorage in Frameworks */ = {isa = PBXBuildFile; productRef = 7D0A951E2AD7CAE500F6836D /* FirebaseStorage */; };
		7D0A95222ADC30B500F6836D /* ImperMainView.swift in Sources */ = {isa = PBXBuildFile; fileRef = 7D0A95212ADC30B500F6836D /* ImperMainView.swift */; };
		7D2F48CB2AE4F71400D8FAC8 /* ImperView.swift in Sources */ = {isa = PBXBuildFile; fileRef = 7D2F48CA2AE4F71400D8FAC8 /* ImperView.swift */; };
		7D3AFC762AB15993003AE049 /* .swiftlint.yml in Resources */ = {isa = PBXBuildFile; fileRef = 7D3AFC752AB15933003AE049 /* .swiftlint.yml */; };
		7D5375FF2ADD63DF00D338D5 /* MensInfo.swift in Sources */ = {isa = PBXBuildFile; fileRef = 7D5375FE2ADD63DF00D338D5 /* MensInfo.swift */; };
		7D5376012ADD7C4E00D338D5 /* MensInfoStore.swift in Sources */ = {isa = PBXBuildFile; fileRef = 7D5376002ADD7C4E00D338D5 /* MensInfoStore.swift */; };
		7D5376072AE0166200D338D5 /* EditView.swift in Sources */ = {isa = PBXBuildFile; fileRef = 7D5376062AE0166200D338D5 /* EditView.swift */; };
		7D5376092AE01D6C00D338D5 /* FirebaseAnalytics in Frameworks */ = {isa = PBXBuildFile; productRef = 7D5376082AE01D6C00D338D5 /* FirebaseAnalytics */; };
		7D53760B2AE01D6C00D338D5 /* FirebaseAnalyticsOnDeviceConversion in Frameworks */ = {isa = PBXBuildFile; productRef = 7D53760A2AE01D6C00D338D5 /* FirebaseAnalyticsOnDeviceConversion */; };
		7D53760D2AE01D6C00D338D5 /* FirebaseAnalyticsSwift in Frameworks */ = {isa = PBXBuildFile; productRef = 7D53760C2AE01D6C00D338D5 /* FirebaseAnalyticsSwift */; };
		7D53760F2AE01D6C00D338D5 /* FirebaseAnalyticsWithoutAdIdSupport in Frameworks */ = {isa = PBXBuildFile; productRef = 7D53760E2AE01D6C00D338D5 /* FirebaseAnalyticsWithoutAdIdSupport */; };
		7D5376112AE01D6C00D338D5 /* FirebaseAppCheck in Frameworks */ = {isa = PBXBuildFile; productRef = 7D5376102AE01D6C00D338D5 /* FirebaseAppCheck */; };
		7D5376132AE01D6C00D338D5 /* FirebaseAppDistribution-Beta in Frameworks */ = {isa = PBXBuildFile; productRef = 7D5376122AE01D6C00D338D5 /* FirebaseAppDistribution-Beta */; };
		7D5376152AE01D6C00D338D5 /* FirebaseAuth in Frameworks */ = {isa = PBXBuildFile; productRef = 7D5376142AE01D6C00D338D5 /* FirebaseAuth */; };
		7D5376172AE01D6C00D338D5 /* FirebaseAuthCombine-Community in Frameworks */ = {isa = PBXBuildFile; productRef = 7D5376162AE01D6C00D338D5 /* FirebaseAuthCombine-Community */; };
		7D5376192AE01D6C00D338D5 /* FirebaseCrashlytics in Frameworks */ = {isa = PBXBuildFile; productRef = 7D5376182AE01D6C00D338D5 /* FirebaseCrashlytics */; };
		7D53761B2AE01D6C00D338D5 /* FirebaseDatabase in Frameworks */ = {isa = PBXBuildFile; productRef = 7D53761A2AE01D6C00D338D5 /* FirebaseDatabase */; };
		7D53761D2AE01D6C00D338D5 /* FirebaseDatabaseSwift in Frameworks */ = {isa = PBXBuildFile; productRef = 7D53761C2AE01D6C00D338D5 /* FirebaseDatabaseSwift */; };
		7D53761F2AE01D6C00D338D5 /* FirebaseDynamicLinks in Frameworks */ = {isa = PBXBuildFile; productRef = 7D53761E2AE01D6C00D338D5 /* FirebaseDynamicLinks */; };
		7D5376212AE01D6C00D338D5 /* FirebaseFirestore in Frameworks */ = {isa = PBXBuildFile; productRef = 7D5376202AE01D6C00D338D5 /* FirebaseFirestore */; };
		7D5376232AE01D6C00D338D5 /* FirebaseFirestoreCombine-Community in Frameworks */ = {isa = PBXBuildFile; productRef = 7D5376222AE01D6C00D338D5 /* FirebaseFirestoreCombine-Community */; };
		7D5376252AE01D6C00D338D5 /* FirebaseFirestoreSwift in Frameworks */ = {isa = PBXBuildFile; productRef = 7D5376242AE01D6C00D338D5 /* FirebaseFirestoreSwift */; };
		7D5376272AE01D6C00D338D5 /* FirebaseFunctions in Frameworks */ = {isa = PBXBuildFile; productRef = 7D5376262AE01D6C00D338D5 /* FirebaseFunctions */; };
		7D5376292AE01D6C00D338D5 /* FirebaseFunctionsCombine-Community in Frameworks */ = {isa = PBXBuildFile; productRef = 7D5376282AE01D6C00D338D5 /* FirebaseFunctionsCombine-Community */; };
		7D53762B2AE01D6C00D338D5 /* FirebaseInAppMessaging-Beta in Frameworks */ = {isa = PBXBuildFile; productRef = 7D53762A2AE01D6C00D338D5 /* FirebaseInAppMessaging-Beta */; };
		7D53762D2AE01D6C00D338D5 /* FirebaseInAppMessagingSwift-Beta in Frameworks */ = {isa = PBXBuildFile; productRef = 7D53762C2AE01D6C00D338D5 /* FirebaseInAppMessagingSwift-Beta */; };
		7D53762F2AE01D6C00D338D5 /* FirebaseInstallations in Frameworks */ = {isa = PBXBuildFile; productRef = 7D53762E2AE01D6C00D338D5 /* FirebaseInstallations */; };
		7D5376312AE01D6C00D338D5 /* FirebaseMLModelDownloader in Frameworks */ = {isa = PBXBuildFile; productRef = 7D5376302AE01D6C00D338D5 /* FirebaseMLModelDownloader */; };
		7D5376332AE01D6C00D338D5 /* FirebaseMessaging in Frameworks */ = {isa = PBXBuildFile; productRef = 7D5376322AE01D6C00D338D5 /* FirebaseMessaging */; };
		7D5376352AE01D6C00D338D5 /* FirebasePerformance in Frameworks */ = {isa = PBXBuildFile; productRef = 7D5376342AE01D6C00D338D5 /* FirebasePerformance */; };
		7D5376372AE01D6C00D338D5 /* FirebaseRemoteConfig in Frameworks */ = {isa = PBXBuildFile; productRef = 7D5376362AE01D6C00D338D5 /* FirebaseRemoteConfig */; };
		7D5376392AE01D6C00D338D5 /* FirebaseRemoteConfigSwift in Frameworks */ = {isa = PBXBuildFile; productRef = 7D5376382AE01D6C00D338D5 /* FirebaseRemoteConfigSwift */; };
		7D53763B2AE01D6C00D338D5 /* FirebaseStorage in Frameworks */ = {isa = PBXBuildFile; productRef = 7D53763A2AE01D6C00D338D5 /* FirebaseStorage */; };
		7D53763D2AE01D6C00D338D5 /* FirebaseStorageCombine-Community in Frameworks */ = {isa = PBXBuildFile; productRef = 7D53763C2AE01D6C00D338D5 /* FirebaseStorageCombine-Community */; };
		7DF11C272AB03D8E005C0AE3 /* AhnNyeongApp.swift in Sources */ = {isa = PBXBuildFile; fileRef = 7DF11C262AB03D8E005C0AE3 /* AhnNyeongApp.swift */; };
		7DF11C292AB03D8E005C0AE3 /* ContentView.swift in Sources */ = {isa = PBXBuildFile; fileRef = 7DF11C282AB03D8E005C0AE3 /* ContentView.swift */; };
		7DF11C2B2AB03D8F005C0AE3 /* Assets.xcassets in Resources */ = {isa = PBXBuildFile; fileRef = 7DF11C2A2AB03D8F005C0AE3 /* Assets.xcassets */; };
		7DF11C2E2AB03D8F005C0AE3 /* Preview Assets.xcassets in Resources */ = {isa = PBXBuildFile; fileRef = 7DF11C2D2AB03D8F005C0AE3 /* Preview Assets.xcassets */; };
		8E1DB0AE2AE4F522008DAD0F /* LoginTypeView.swift in Sources */ = {isa = PBXBuildFile; fileRef = 8E1DB0AD2AE4F522008DAD0F /* LoginTypeView.swift */; };
		8E86F1642AEB461F00A04390 /* MngSettingView.swift in Sources */ = {isa = PBXBuildFile; fileRef = 8E86F1632AEB461F00A04390 /* MngSettingView.swift */; };
		DEEBFF012AE4FD8D005098E3 /* ManagerViewForMVP.swift in Sources */ = {isa = PBXBuildFile; fileRef = DEEBFF002AE4FD8D005098E3 /* ManagerViewForMVP.swift */; };
/* End PBXBuildFile section */

/* Begin PBXFileReference section */
		7D0A95112AD7C90C00F6836D /* GoogleService-Info.plist */ = {isa = PBXFileReference; fileEncoding = 4; lastKnownFileType = text.plist.xml; path = "GoogleService-Info.plist"; sourceTree = "<group>"; };
		7D0A95212ADC30B500F6836D /* ImperMainView.swift */ = {isa = PBXFileReference; lastKnownFileType = sourcecode.swift; path = ImperMainView.swift; sourceTree = "<group>"; };
		7D2F48CA2AE4F71400D8FAC8 /* ImperView.swift */ = {isa = PBXFileReference; lastKnownFileType = sourcecode.swift; path = ImperView.swift; sourceTree = "<group>"; };
		7D3AFC752AB15933003AE049 /* .swiftlint.yml */ = {isa = PBXFileReference; lastKnownFileType = text.yaml; path = .swiftlint.yml; sourceTree = "<group>"; };
		7D5375FE2ADD63DF00D338D5 /* MensInfo.swift */ = {isa = PBXFileReference; lastKnownFileType = sourcecode.swift; path = MensInfo.swift; sourceTree = "<group>"; };
		7D5376002ADD7C4E00D338D5 /* MensInfoStore.swift */ = {isa = PBXFileReference; lastKnownFileType = sourcecode.swift; path = MensInfoStore.swift; sourceTree = "<group>"; };
		7D5376062AE0166200D338D5 /* EditView.swift */ = {isa = PBXFileReference; lastKnownFileType = sourcecode.swift; path = EditView.swift; sourceTree = "<group>"; };
		7DF11C232AB03D8E005C0AE3 /* AhnNyeong.app */ = {isa = PBXFileReference; explicitFileType = wrapper.application; includeInIndex = 0; path = AhnNyeong.app; sourceTree = BUILT_PRODUCTS_DIR; };
		7DF11C262AB03D8E005C0AE3 /* AhnNyeongApp.swift */ = {isa = PBXFileReference; lastKnownFileType = sourcecode.swift; path = AhnNyeongApp.swift; sourceTree = "<group>"; };
		7DF11C282AB03D8E005C0AE3 /* ContentView.swift */ = {isa = PBXFileReference; lastKnownFileType = sourcecode.swift; path = ContentView.swift; sourceTree = "<group>"; };
		7DF11C2A2AB03D8F005C0AE3 /* Assets.xcassets */ = {isa = PBXFileReference; lastKnownFileType = folder.assetcatalog; path = Assets.xcassets; sourceTree = "<group>"; };
		7DF11C2D2AB03D8F005C0AE3 /* Preview Assets.xcassets */ = {isa = PBXFileReference; lastKnownFileType = folder.assetcatalog; path = "Preview Assets.xcassets"; sourceTree = "<group>"; };
		8E1DB0AD2AE4F522008DAD0F /* LoginTypeView.swift */ = {isa = PBXFileReference; lastKnownFileType = sourcecode.swift; path = LoginTypeView.swift; sourceTree = "<group>"; };
		8E86F1632AEB461F00A04390 /* MngSettingView.swift */ = {isa = PBXFileReference; lastKnownFileType = sourcecode.swift; path = MngSettingView.swift; sourceTree = "<group>"; };
		DEEBFF002AE4FD8D005098E3 /* ManagerViewForMVP.swift */ = {isa = PBXFileReference; lastKnownFileType = sourcecode.swift; path = ManagerViewForMVP.swift; sourceTree = "<group>"; };
/* End PBXFileReference section */

/* Begin PBXFrameworksBuildPhase section */
		7DF11C202AB03D8E005C0AE3 /* Frameworks */ = {
			isa = PBXFrameworksBuildPhase;
			buildActionMask = 2147483647;
			files = (
				7D53760D2AE01D6C00D338D5 /* FirebaseAnalyticsSwift in Frameworks */,
				7D53760F2AE01D6C00D338D5 /* FirebaseAnalyticsWithoutAdIdSupport in Frameworks */,
				7D5376092AE01D6C00D338D5 /* FirebaseAnalytics in Frameworks */,
				7D0A95172AD7CAE500F6836D /* FirebaseDatabaseSwift in Frameworks */,
				7D5376352AE01D6C00D338D5 /* FirebasePerformance in Frameworks */,
				7D53763B2AE01D6C00D338D5 /* FirebaseStorage in Frameworks */,
				7D5376212AE01D6C00D338D5 /* FirebaseFirestore in Frameworks */,
				7D0A95152AD7CAE500F6836D /* FirebaseDatabase in Frameworks */,
				7D5376292AE01D6C00D338D5 /* FirebaseFunctionsCombine-Community in Frameworks */,
				7D5376392AE01D6C00D338D5 /* FirebaseRemoteConfigSwift in Frameworks */,
				7D53761F2AE01D6C00D338D5 /* FirebaseDynamicLinks in Frameworks */,
				7D5376372AE01D6C00D338D5 /* FirebaseRemoteConfig in Frameworks */,
				7D5376172AE01D6C00D338D5 /* FirebaseAuthCombine-Community in Frameworks */,
				7D53761B2AE01D6C00D338D5 /* FirebaseDatabase in Frameworks */,
				7D5376272AE01D6C00D338D5 /* FirebaseFunctions in Frameworks */,
				7D53762B2AE01D6C00D338D5 /* FirebaseInAppMessaging-Beta in Frameworks */,
				7D0A951D2AD7CAE500F6836D /* FirebaseMessaging in Frameworks */,
				7D0A95192AD7CAE500F6836D /* FirebaseDynamicLinks in Frameworks */,
				7D0A951B2AD7CAE500F6836D /* FirebaseFunctions in Frameworks */,
				7D53762F2AE01D6C00D338D5 /* FirebaseInstallations in Frameworks */,
				7D5376332AE01D6C00D338D5 /* FirebaseMessaging in Frameworks */,
				7D0A951F2AD7CAE500F6836D /* FirebaseStorage in Frameworks */,
				7D53763D2AE01D6C00D338D5 /* FirebaseStorageCombine-Community in Frameworks */,
				7D5376232AE01D6C00D338D5 /* FirebaseFirestoreCombine-Community in Frameworks */,
				7D53762D2AE01D6C00D338D5 /* FirebaseInAppMessagingSwift-Beta in Frameworks */,
				7D53760B2AE01D6C00D338D5 /* FirebaseAnalyticsOnDeviceConversion in Frameworks */,
				7D5376152AE01D6C00D338D5 /* FirebaseAuth in Frameworks */,
				7D5376192AE01D6C00D338D5 /* FirebaseCrashlytics in Frameworks */,
				7D5376252AE01D6C00D338D5 /* FirebaseFirestoreSwift in Frameworks */,
				7D53761D2AE01D6C00D338D5 /* FirebaseDatabaseSwift in Frameworks */,
				7D5376312AE01D6C00D338D5 /* FirebaseMLModelDownloader in Frameworks */,
				7D5376112AE01D6C00D338D5 /* FirebaseAppCheck in Frameworks */,
				7D5376132AE01D6C00D338D5 /* FirebaseAppDistribution-Beta in Frameworks */,
			);
			runOnlyForDeploymentPostprocessing = 0;
		};
/* End PBXFrameworksBuildPhase section */

/* Begin PBXGroup section */
		7D0A95202ADC2D0600F6836D /* imper */ = {
			isa = PBXGroup;
			children = (
				7D5376002ADD7C4E00D338D5 /* MensInfoStore.swift */,
				7D5375FE2ADD63DF00D338D5 /* MensInfo.swift */,
				7D0A95212ADC30B500F6836D /* ImperMainView.swift */,
				7D5376062AE0166200D338D5 /* EditView.swift */,
			);
			path = imper;
			sourceTree = "<group>";
		};
		7D2F48C92AE4F70100D8FAC8 /* MVP */ = {
			isa = PBXGroup;
			children = (
				DEEBFF002AE4FD8D005098E3 /* ManagerViewForMVP.swift */,
				7D2F48CA2AE4F71400D8FAC8 /* ImperView.swift */,
			);
			path = MVP;
			sourceTree = "<group>";
		};
		7DF11C1A2AB03D8E005C0AE3 = {
			isa = PBXGroup;
			children = (
				7D3AFC752AB15933003AE049 /* .swiftlint.yml */,
				7DF11C252AB03D8E005C0AE3 /* AhnNyeong */,
				7DF11C242AB03D8E005C0AE3 /* Products */,
			);
			sourceTree = "<group>";
		};
		7DF11C242AB03D8E005C0AE3 /* Products */ = {
			isa = PBXGroup;
			children = (
				7DF11C232AB03D8E005C0AE3 /* AhnNyeong.app */,
			);
			name = Products;
			sourceTree = "<group>";
		};
		7DF11C252AB03D8E005C0AE3 /* AhnNyeong */ = {
			isa = PBXGroup;
			children = (
				7D2F48C92AE4F70100D8FAC8 /* MVP */,
				7D0A95202ADC2D0600F6836D /* imper */,
				7D0A95112AD7C90C00F6836D /* GoogleService-Info.plist */,
				7DF11C262AB03D8E005C0AE3 /* AhnNyeongApp.swift */,
				8E1DB0AD2AE4F522008DAD0F /* LoginTypeView.swift */,
				7DF11C282AB03D8E005C0AE3 /* ContentView.swift */,
				7DF11C2A2AB03D8F005C0AE3 /* Assets.xcassets */,
				7DF11C2C2AB03D8F005C0AE3 /* Preview Content */,
				8E86F1632AEB461F00A04390 /* MngSettingView.swift */,
			);
			path = AhnNyeong;
			sourceTree = "<group>";
		};
		7DF11C2C2AB03D8F005C0AE3 /* Preview Content */ = {
			isa = PBXGroup;
			children = (
				7DF11C2D2AB03D8F005C0AE3 /* Preview Assets.xcassets */,
			);
			path = "Preview Content";
			sourceTree = "<group>";
		};
/* End PBXGroup section */

/* Begin PBXNativeTarget section */
		7DF11C222AB03D8E005C0AE3 /* AhnNyeong */ = {
			isa = PBXNativeTarget;
			buildConfigurationList = 7DF11C312AB03D8F005C0AE3 /* Build configuration list for PBXNativeTarget "AhnNyeong" */;
			buildPhases = (
				7DF11C1F2AB03D8E005C0AE3 /* Sources */,
				7DF11C202AB03D8E005C0AE3 /* Frameworks */,
				7DF11C212AB03D8E005C0AE3 /* Resources */,
				7D3AFC222AB04E19003AE049 /* Swift Script */,
			);
			buildRules = (
			);
			dependencies = (
			);
			name = AhnNyeong;
			packageProductDependencies = (
				7D0A95142AD7CAE500F6836D /* FirebaseDatabase */,
				7D0A95162AD7CAE500F6836D /* FirebaseDatabaseSwift */,
				7D0A95182AD7CAE500F6836D /* FirebaseDynamicLinks */,
				7D0A951A2AD7CAE500F6836D /* FirebaseFunctions */,
				7D0A951C2AD7CAE500F6836D /* FirebaseMessaging */,
				7D0A951E2AD7CAE500F6836D /* FirebaseStorage */,
				7D5376082AE01D6C00D338D5 /* FirebaseAnalytics */,
				7D53760A2AE01D6C00D338D5 /* FirebaseAnalyticsOnDeviceConversion */,
				7D53760C2AE01D6C00D338D5 /* FirebaseAnalyticsSwift */,
				7D53760E2AE01D6C00D338D5 /* FirebaseAnalyticsWithoutAdIdSupport */,
				7D5376102AE01D6C00D338D5 /* FirebaseAppCheck */,
				7D5376122AE01D6C00D338D5 /* FirebaseAppDistribution-Beta */,
				7D5376142AE01D6C00D338D5 /* FirebaseAuth */,
				7D5376162AE01D6C00D338D5 /* FirebaseAuthCombine-Community */,
				7D5376182AE01D6C00D338D5 /* FirebaseCrashlytics */,
				7D53761A2AE01D6C00D338D5 /* FirebaseDatabase */,
				7D53761C2AE01D6C00D338D5 /* FirebaseDatabaseSwift */,
				7D53761E2AE01D6C00D338D5 /* FirebaseDynamicLinks */,
				7D5376202AE01D6C00D338D5 /* FirebaseFirestore */,
				7D5376222AE01D6C00D338D5 /* FirebaseFirestoreCombine-Community */,
				7D5376242AE01D6C00D338D5 /* FirebaseFirestoreSwift */,
				7D5376262AE01D6C00D338D5 /* FirebaseFunctions */,
				7D5376282AE01D6C00D338D5 /* FirebaseFunctionsCombine-Community */,
				7D53762A2AE01D6C00D338D5 /* FirebaseInAppMessaging-Beta */,
				7D53762C2AE01D6C00D338D5 /* FirebaseInAppMessagingSwift-Beta */,
				7D53762E2AE01D6C00D338D5 /* FirebaseInstallations */,
				7D5376302AE01D6C00D338D5 /* FirebaseMLModelDownloader */,
				7D5376322AE01D6C00D338D5 /* FirebaseMessaging */,
				7D5376342AE01D6C00D338D5 /* FirebasePerformance */,
				7D5376362AE01D6C00D338D5 /* FirebaseRemoteConfig */,
				7D5376382AE01D6C00D338D5 /* FirebaseRemoteConfigSwift */,
				7D53763A2AE01D6C00D338D5 /* FirebaseStorage */,
				7D53763C2AE01D6C00D338D5 /* FirebaseStorageCombine-Community */,
			);
			productName = AhnNyeong;
			productReference = 7DF11C232AB03D8E005C0AE3 /* AhnNyeong.app */;
			productType = "com.apple.product-type.application";
		};
/* End PBXNativeTarget section */

/* Begin PBXProject section */
		7DF11C1B2AB03D8E005C0AE3 /* Project object */ = {
			isa = PBXProject;
			attributes = {
				BuildIndependentTargetsInParallel = 1;
				LastSwiftUpdateCheck = 1430;
				LastUpgradeCheck = 1430;
				TargetAttributes = {
					7DF11C222AB03D8E005C0AE3 = {
						CreatedOnToolsVersion = 14.3.1;
					};
				};
			};
			buildConfigurationList = 7DF11C1E2AB03D8E005C0AE3 /* Build configuration list for PBXProject "AhnNyeong" */;
			compatibilityVersion = "Xcode 14.0";
			developmentRegion = ko;
			hasScannedForEncodings = 0;
			knownRegions = (
				en,
				Base,
				ko,
			);
			mainGroup = 7DF11C1A2AB03D8E005C0AE3;
			packageReferences = (
				7D0A95132AD7CAE500F6836D /* XCRemoteSwiftPackageReference "firebase-ios-sdk" */,
			);
			productRefGroup = 7DF11C242AB03D8E005C0AE3 /* Products */;
			projectDirPath = "";
			projectRoot = "";
			targets = (
				7DF11C222AB03D8E005C0AE3 /* AhnNyeong */,
			);
		};
/* End PBXProject section */

/* Begin PBXResourcesBuildPhase section */
		7DF11C212AB03D8E005C0AE3 /* Resources */ = {
			isa = PBXResourcesBuildPhase;
			buildActionMask = 2147483647;
			files = (
				7D3AFC762AB15993003AE049 /* .swiftlint.yml in Resources */,
				7D0A95122AD7C90C00F6836D /* GoogleService-Info.plist in Resources */,
				7DF11C2E2AB03D8F005C0AE3 /* Preview Assets.xcassets in Resources */,
				7DF11C2B2AB03D8F005C0AE3 /* Assets.xcassets in Resources */,
			);
			runOnlyForDeploymentPostprocessing = 0;
		};
/* End PBXResourcesBuildPhase section */

/* Begin PBXShellScriptBuildPhase section */
		7D3AFC222AB04E19003AE049 /* Swift Script */ = {
			isa = PBXShellScriptBuildPhase;
			alwaysOutOfDate = 1;
			buildActionMask = 2147483647;
			files = (
			);
			inputFileListPaths = (
			);
			inputPaths = (
			);
			name = "Swift Script";
			outputFileListPaths = (
			);
			outputPaths = (
			);
			runOnlyForDeploymentPostprocessing = 0;
			shellPath = /bin/sh;
			shellScript = "if test -d \"/opt/homebrew/bin/\"; then\n  PATH=\"/opt/homebrew/bin/:${PATH}\"\nfi\n\nexport PATH\n\nif which swiftlint >/dev/null; then\n  swiftlint\nelse\n  echo \"warning: SwiftLint not installed, download from https://github.com/realm/SwiftLint\"\nfi\n";
		};
/* End PBXShellScriptBuildPhase section */

/* Begin PBXSourcesBuildPhase section */
		7DF11C1F2AB03D8E005C0AE3 /* Sources */ = {
			isa = PBXSourcesBuildPhase;
			buildActionMask = 2147483647;
			files = (
				7D5375FF2ADD63DF00D338D5 /* MensInfo.swift in Sources */,
				DEEBFF012AE4FD8D005098E3 /* ManagerViewForMVP.swift in Sources */,
				8E86F1642AEB461F00A04390 /* MngSettingView.swift in Sources */,
				7DF11C292AB03D8E005C0AE3 /* ContentView.swift in Sources */,
				7D5376072AE0166200D338D5 /* EditView.swift in Sources */,
				7DF11C272AB03D8E005C0AE3 /* AhnNyeongApp.swift in Sources */,
				7D0A95222ADC30B500F6836D /* ImperMainView.swift in Sources */,
				8E1DB0AE2AE4F522008DAD0F /* LoginTypeView.swift in Sources */,
				7D2F48CB2AE4F71400D8FAC8 /* ImperView.swift in Sources */,
				7D5376012ADD7C4E00D338D5 /* MensInfoStore.swift in Sources */,
			);
			runOnlyForDeploymentPostprocessing = 0;
		};
/* End PBXSourcesBuildPhase section */

/* Begin XCBuildConfiguration section */
		7DF11C2F2AB03D8F005C0AE3 /* Debug */ = {
			isa = XCBuildConfiguration;
			buildSettings = {
				ALWAYS_SEARCH_USER_PATHS = NO;
				CLANG_ANALYZER_NONNULL = YES;
				CLANG_ANALYZER_NUMBER_OBJECT_CONVERSION = YES_AGGRESSIVE;
				CLANG_CXX_LANGUAGE_STANDARD = "gnu++20";
				CLANG_ENABLE_MODULES = YES;
				CLANG_ENABLE_OBJC_ARC = YES;
				CLANG_ENABLE_OBJC_WEAK = YES;
				CLANG_WARN_BLOCK_CAPTURE_AUTORELEASING = YES;
				CLANG_WARN_BOOL_CONVERSION = YES;
				CLANG_WARN_COMMA = YES;
				CLANG_WARN_CONSTANT_CONVERSION = YES;
				CLANG_WARN_DEPRECATED_OBJC_IMPLEMENTATIONS = YES;
				CLANG_WARN_DIRECT_OBJC_ISA_USAGE = YES_ERROR;
				CLANG_WARN_DOCUMENTATION_COMMENTS = YES;
				CLANG_WARN_EMPTY_BODY = YES;
				CLANG_WARN_ENUM_CONVERSION = YES;
				CLANG_WARN_INFINITE_RECURSION = YES;
				CLANG_WARN_INT_CONVERSION = YES;
				CLANG_WARN_NON_LITERAL_NULL_CONVERSION = YES;
				CLANG_WARN_OBJC_IMPLICIT_RETAIN_SELF = YES;
				CLANG_WARN_OBJC_LITERAL_CONVERSION = YES;
				CLANG_WARN_OBJC_ROOT_CLASS = YES_ERROR;
				CLANG_WARN_QUOTED_INCLUDE_IN_FRAMEWORK_HEADER = YES;
				CLANG_WARN_RANGE_LOOP_ANALYSIS = YES;
				CLANG_WARN_STRICT_PROTOTYPES = YES;
				CLANG_WARN_SUSPICIOUS_MOVE = YES;
				CLANG_WARN_UNGUARDED_AVAILABILITY = YES_AGGRESSIVE;
				CLANG_WARN_UNREACHABLE_CODE = YES;
				CLANG_WARN__DUPLICATE_METHOD_MATCH = YES;
				COPY_PHASE_STRIP = NO;
				DEBUG_INFORMATION_FORMAT = dwarf;
				ENABLE_STRICT_OBJC_MSGSEND = YES;
				ENABLE_TESTABILITY = YES;
				GCC_C_LANGUAGE_STANDARD = gnu11;
				GCC_DYNAMIC_NO_PIC = NO;
				GCC_NO_COMMON_BLOCKS = YES;
				GCC_OPTIMIZATION_LEVEL = 0;
				GCC_PREPROCESSOR_DEFINITIONS = (
					"DEBUG=1",
					"$(inherited)",
				);
				GCC_WARN_64_TO_32_BIT_CONVERSION = YES;
				GCC_WARN_ABOUT_RETURN_TYPE = YES_ERROR;
				GCC_WARN_UNDECLARED_SELECTOR = YES;
				GCC_WARN_UNINITIALIZED_AUTOS = YES_AGGRESSIVE;
				GCC_WARN_UNUSED_FUNCTION = YES;
				GCC_WARN_UNUSED_VARIABLE = YES;
				IPHONEOS_DEPLOYMENT_TARGET = 16.4;
				MTL_ENABLE_DEBUG_INFO = INCLUDE_SOURCE;
				MTL_FAST_MATH = YES;
				ONLY_ACTIVE_ARCH = YES;
				SDKROOT = iphoneos;
				SWIFT_ACTIVE_COMPILATION_CONDITIONS = DEBUG;
				SWIFT_OPTIMIZATION_LEVEL = "-Onone";
			};
			name = Debug;
		};
		7DF11C302AB03D8F005C0AE3 /* Release */ = {
			isa = XCBuildConfiguration;
			buildSettings = {
				ALWAYS_SEARCH_USER_PATHS = NO;
				CLANG_ANALYZER_NONNULL = YES;
				CLANG_ANALYZER_NUMBER_OBJECT_CONVERSION = YES_AGGRESSIVE;
				CLANG_CXX_LANGUAGE_STANDARD = "gnu++20";
				CLANG_ENABLE_MODULES = YES;
				CLANG_ENABLE_OBJC_ARC = YES;
				CLANG_ENABLE_OBJC_WEAK = YES;
				CLANG_WARN_BLOCK_CAPTURE_AUTORELEASING = YES;
				CLANG_WARN_BOOL_CONVERSION = YES;
				CLANG_WARN_COMMA = YES;
				CLANG_WARN_CONSTANT_CONVERSION = YES;
				CLANG_WARN_DEPRECATED_OBJC_IMPLEMENTATIONS = YES;
				CLANG_WARN_DIRECT_OBJC_ISA_USAGE = YES_ERROR;
				CLANG_WARN_DOCUMENTATION_COMMENTS = YES;
				CLANG_WARN_EMPTY_BODY = YES;
				CLANG_WARN_ENUM_CONVERSION = YES;
				CLANG_WARN_INFINITE_RECURSION = YES;
				CLANG_WARN_INT_CONVERSION = YES;
				CLANG_WARN_NON_LITERAL_NULL_CONVERSION = YES;
				CLANG_WARN_OBJC_IMPLICIT_RETAIN_SELF = YES;
				CLANG_WARN_OBJC_LITERAL_CONVERSION = YES;
				CLANG_WARN_OBJC_ROOT_CLASS = YES_ERROR;
				CLANG_WARN_QUOTED_INCLUDE_IN_FRAMEWORK_HEADER = YES;
				CLANG_WARN_RANGE_LOOP_ANALYSIS = YES;
				CLANG_WARN_STRICT_PROTOTYPES = YES;
				CLANG_WARN_SUSPICIOUS_MOVE = YES;
				CLANG_WARN_UNGUARDED_AVAILABILITY = YES_AGGRESSIVE;
				CLANG_WARN_UNREACHABLE_CODE = YES;
				CLANG_WARN__DUPLICATE_METHOD_MATCH = YES;
				COPY_PHASE_STRIP = NO;
				DEBUG_INFORMATION_FORMAT = "dwarf-with-dsym";
				ENABLE_NS_ASSERTIONS = NO;
				ENABLE_STRICT_OBJC_MSGSEND = YES;
				GCC_C_LANGUAGE_STANDARD = gnu11;
				GCC_NO_COMMON_BLOCKS = YES;
				GCC_WARN_64_TO_32_BIT_CONVERSION = YES;
				GCC_WARN_ABOUT_RETURN_TYPE = YES_ERROR;
				GCC_WARN_UNDECLARED_SELECTOR = YES;
				GCC_WARN_UNINITIALIZED_AUTOS = YES_AGGRESSIVE;
				GCC_WARN_UNUSED_FUNCTION = YES;
				GCC_WARN_UNUSED_VARIABLE = YES;
				IPHONEOS_DEPLOYMENT_TARGET = 16.4;
				MTL_ENABLE_DEBUG_INFO = NO;
				MTL_FAST_MATH = YES;
				SDKROOT = iphoneos;
				SWIFT_COMPILATION_MODE = wholemodule;
				SWIFT_OPTIMIZATION_LEVEL = "-O";
				VALIDATE_PRODUCT = YES;
			};
			name = Release;
		};
		7DF11C322AB03D8F005C0AE3 /* Debug */ = {
			isa = XCBuildConfiguration;
			buildSettings = {
				ASSETCATALOG_COMPILER_APPICON_NAME = AppIcon;
				ASSETCATALOG_COMPILER_GLOBAL_ACCENT_COLOR_NAME = AccentColor;
				CODE_SIGN_STYLE = Automatic;
				CURRENT_PROJECT_VERSION = 1;
				DEVELOPMENT_ASSET_PATHS = "\"AhnNyeong/Preview Content\"";
				ENABLE_PREVIEWS = YES;
				GENERATE_INFOPLIST_FILE = YES;
				INFOPLIST_KEY_UIApplicationSceneManifest_Generation = YES;
				INFOPLIST_KEY_UIApplicationSupportsIndirectInputEvents = YES;
				INFOPLIST_KEY_UILaunchScreen_Generation = YES;
				INFOPLIST_KEY_UISupportedInterfaceOrientations_iPad = "UIInterfaceOrientationPortrait UIInterfaceOrientationPortraitUpsideDown UIInterfaceOrientationLandscapeLeft UIInterfaceOrientationLandscapeRight";
				INFOPLIST_KEY_UISupportedInterfaceOrientations_iPhone = "UIInterfaceOrientationPortrait UIInterfaceOrientationLandscapeLeft UIInterfaceOrientationLandscapeRight";
				LD_RUNPATH_SEARCH_PATHS = (
					"$(inherited)",
					"@executable_path/Frameworks",
				);
				MARKETING_VERSION = 1.0;
				PRODUCT_BUNDLE_IDENTIFIER = com.AhnNyeong.MyMomii;
				PRODUCT_NAME = "$(TARGET_NAME)";
				SWIFT_EMIT_LOC_STRINGS = YES;
				SWIFT_VERSION = 5.0;
				TARGETED_DEVICE_FAMILY = "1,2";
			};
			name = Debug;
		};
		7DF11C332AB03D8F005C0AE3 /* Release */ = {
			isa = XCBuildConfiguration;
			buildSettings = {
				ASSETCATALOG_COMPILER_APPICON_NAME = AppIcon;
				ASSETCATALOG_COMPILER_GLOBAL_ACCENT_COLOR_NAME = AccentColor;
				CODE_SIGN_STYLE = Automatic;
				CURRENT_PROJECT_VERSION = 1;
				DEVELOPMENT_ASSET_PATHS = "\"AhnNyeong/Preview Content\"";
				ENABLE_PREVIEWS = YES;
				GENERATE_INFOPLIST_FILE = YES;
				INFOPLIST_KEY_UIApplicationSceneManifest_Generation = YES;
				INFOPLIST_KEY_UIApplicationSupportsIndirectInputEvents = YES;
				INFOPLIST_KEY_UILaunchScreen_Generation = YES;
				INFOPLIST_KEY_UISupportedInterfaceOrientations_iPad = "UIInterfaceOrientationPortrait UIInterfaceOrientationPortraitUpsideDown UIInterfaceOrientationLandscapeLeft UIInterfaceOrientationLandscapeRight";
				INFOPLIST_KEY_UISupportedInterfaceOrientations_iPhone = "UIInterfaceOrientationPortrait UIInterfaceOrientationLandscapeLeft UIInterfaceOrientationLandscapeRight";
				LD_RUNPATH_SEARCH_PATHS = (
					"$(inherited)",
					"@executable_path/Frameworks",
				);
				MARKETING_VERSION = 1.0;
				PRODUCT_BUNDLE_IDENTIFIER = com.AhnNyeong.MyMomii;
				PRODUCT_NAME = "$(TARGET_NAME)";
				SWIFT_EMIT_LOC_STRINGS = YES;
				SWIFT_VERSION = 5.0;
				TARGETED_DEVICE_FAMILY = "1,2";
			};
			name = Release;
		};
/* End XCBuildConfiguration section */

/* Begin XCConfigurationList section */
		7DF11C1E2AB03D8E005C0AE3 /* Build configuration list for PBXProject "AhnNyeong" */ = {
			isa = XCConfigurationList;
			buildConfigurations = (
				7DF11C2F2AB03D8F005C0AE3 /* Debug */,
				7DF11C302AB03D8F005C0AE3 /* Release */,
			);
			defaultConfigurationIsVisible = 0;
			defaultConfigurationName = Release;
		};
		7DF11C312AB03D8F005C0AE3 /* Build configuration list for PBXNativeTarget "AhnNyeong" */ = {
			isa = XCConfigurationList;
			buildConfigurations = (
				7DF11C322AB03D8F005C0AE3 /* Debug */,
				7DF11C332AB03D8F005C0AE3 /* Release */,
			);
			defaultConfigurationIsVisible = 0;
			defaultConfigurationName = Release;
		};
/* End XCConfigurationList section */

/* Begin XCRemoteSwiftPackageReference section */
		7D0A95132AD7CAE500F6836D /* XCRemoteSwiftPackageReference "firebase-ios-sdk" */ = {
			isa = XCRemoteSwiftPackageReference;
			repositoryURL = "https://github.com/firebase/firebase-ios-sdk";
			requirement = {
				kind = upToNextMajorVersion;
				minimumVersion = 10.16.0;
			};
		};
/* End XCRemoteSwiftPackageReference section */

/* Begin XCSwiftPackageProductDependency section */
		7D0A95142AD7CAE500F6836D /* FirebaseDatabase */ = {
			isa = XCSwiftPackageProductDependency;
			package = 7D0A95132AD7CAE500F6836D /* XCRemoteSwiftPackageReference "firebase-ios-sdk" */;
			productName = FirebaseDatabase;
		};
		7D0A95162AD7CAE500F6836D /* FirebaseDatabaseSwift */ = {
			isa = XCSwiftPackageProductDependency;
			package = 7D0A95132AD7CAE500F6836D /* XCRemoteSwiftPackageReference "firebase-ios-sdk" */;
			productName = FirebaseDatabaseSwift;
		};
		7D0A95182AD7CAE500F6836D /* FirebaseDynamicLinks */ = {
			isa = XCSwiftPackageProductDependency;
			package = 7D0A95132AD7CAE500F6836D /* XCRemoteSwiftPackageReference "firebase-ios-sdk" */;
			productName = FirebaseDynamicLinks;
		};
		7D0A951A2AD7CAE500F6836D /* FirebaseFunctions */ = {
			isa = XCSwiftPackageProductDependency;
			package = 7D0A95132AD7CAE500F6836D /* XCRemoteSwiftPackageReference "firebase-ios-sdk" */;
			productName = FirebaseFunctions;
		};
		7D0A951C2AD7CAE500F6836D /* FirebaseMessaging */ = {
			isa = XCSwiftPackageProductDependency;
			package = 7D0A95132AD7CAE500F6836D /* XCRemoteSwiftPackageReference "firebase-ios-sdk" */;
			productName = FirebaseMessaging;
		};
		7D0A951E2AD7CAE500F6836D /* FirebaseStorage */ = {
			isa = XCSwiftPackageProductDependency;
			package = 7D0A95132AD7CAE500F6836D /* XCRemoteSwiftPackageReference "firebase-ios-sdk" */;
			productName = FirebaseStorage;
		};
		7D5376082AE01D6C00D338D5 /* FirebaseAnalytics */ = {
			isa = XCSwiftPackageProductDependency;
			package = 7D0A95132AD7CAE500F6836D /* XCRemoteSwiftPackageReference "firebase-ios-sdk" */;
			productName = FirebaseAnalytics;
		};
		7D53760A2AE01D6C00D338D5 /* FirebaseAnalyticsOnDeviceConversion */ = {
			isa = XCSwiftPackageProductDependency;
			package = 7D0A95132AD7CAE500F6836D /* XCRemoteSwiftPackageReference "firebase-ios-sdk" */;
			productName = FirebaseAnalyticsOnDeviceConversion;
		};
		7D53760C2AE01D6C00D338D5 /* FirebaseAnalyticsSwift */ = {
			isa = XCSwiftPackageProductDependency;
			package = 7D0A95132AD7CAE500F6836D /* XCRemoteSwiftPackageReference "firebase-ios-sdk" */;
			productName = FirebaseAnalyticsSwift;
		};
		7D53760E2AE01D6C00D338D5 /* FirebaseAnalyticsWithoutAdIdSupport */ = {
			isa = XCSwiftPackageProductDependency;
			package = 7D0A95132AD7CAE500F6836D /* XCRemoteSwiftPackageReference "firebase-ios-sdk" */;
			productName = FirebaseAnalyticsWithoutAdIdSupport;
		};
		7D5376102AE01D6C00D338D5 /* FirebaseAppCheck */ = {
			isa = XCSwiftPackageProductDependency;
			package = 7D0A95132AD7CAE500F6836D /* XCRemoteSwiftPackageReference "firebase-ios-sdk" */;
			productName = FirebaseAppCheck;
		};
		7D5376122AE01D6C00D338D5 /* FirebaseAppDistribution-Beta */ = {
			isa = XCSwiftPackageProductDependency;
			package = 7D0A95132AD7CAE500F6836D /* XCRemoteSwiftPackageReference "firebase-ios-sdk" */;
			productName = "FirebaseAppDistribution-Beta";
		};
		7D5376142AE01D6C00D338D5 /* FirebaseAuth */ = {
			isa = XCSwiftPackageProductDependency;
			package = 7D0A95132AD7CAE500F6836D /* XCRemoteSwiftPackageReference "firebase-ios-sdk" */;
			productName = FirebaseAuth;
		};
		7D5376162AE01D6C00D338D5 /* FirebaseAuthCombine-Community */ = {
			isa = XCSwiftPackageProductDependency;
			package = 7D0A95132AD7CAE500F6836D /* XCRemoteSwiftPackageReference "firebase-ios-sdk" */;
			productName = "FirebaseAuthCombine-Community";
		};
		7D5376182AE01D6C00D338D5 /* FirebaseCrashlytics */ = {
			isa = XCSwiftPackageProductDependency;
			package = 7D0A95132AD7CAE500F6836D /* XCRemoteSwiftPackageReference "firebase-ios-sdk" */;
			productName = FirebaseCrashlytics;
		};
		7D53761A2AE01D6C00D338D5 /* FirebaseDatabase */ = {
			isa = XCSwiftPackageProductDependency;
			package = 7D0A95132AD7CAE500F6836D /* XCRemoteSwiftPackageReference "firebase-ios-sdk" */;
			productName = FirebaseDatabase;
		};
		7D53761C2AE01D6C00D338D5 /* FirebaseDatabaseSwift */ = {
			isa = XCSwiftPackageProductDependency;
			package = 7D0A95132AD7CAE500F6836D /* XCRemoteSwiftPackageReference "firebase-ios-sdk" */;
			productName = FirebaseDatabaseSwift;
		};
		7D53761E2AE01D6C00D338D5 /* FirebaseDynamicLinks */ = {
			isa = XCSwiftPackageProductDependency;
			package = 7D0A95132AD7CAE500F6836D /* XCRemoteSwiftPackageReference "firebase-ios-sdk" */;
			productName = FirebaseDynamicLinks;
		};
		7D5376202AE01D6C00D338D5 /* FirebaseFirestore */ = {
			isa = XCSwiftPackageProductDependency;
			package = 7D0A95132AD7CAE500F6836D /* XCRemoteSwiftPackageReference "firebase-ios-sdk" */;
			productName = FirebaseFirestore;
		};
		7D5376222AE01D6C00D338D5 /* FirebaseFirestoreCombine-Community */ = {
			isa = XCSwiftPackageProductDependency;
			package = 7D0A95132AD7CAE500F6836D /* XCRemoteSwiftPackageReference "firebase-ios-sdk" */;
			productName = "FirebaseFirestoreCombine-Community";
		};
		7D5376242AE01D6C00D338D5 /* FirebaseFirestoreSwift */ = {
			isa = XCSwiftPackageProductDependency;
			package = 7D0A95132AD7CAE500F6836D /* XCRemoteSwiftPackageReference "firebase-ios-sdk" */;
			productName = FirebaseFirestoreSwift;
		};
		7D5376262AE01D6C00D338D5 /* FirebaseFunctions */ = {
			isa = XCSwiftPackageProductDependency;
			package = 7D0A95132AD7CAE500F6836D /* XCRemoteSwiftPackageReference "firebase-ios-sdk" */;
			productName = FirebaseFunctions;
		};
		7D5376282AE01D6C00D338D5 /* FirebaseFunctionsCombine-Community */ = {
			isa = XCSwiftPackageProductDependency;
			package = 7D0A95132AD7CAE500F6836D /* XCRemoteSwiftPackageReference "firebase-ios-sdk" */;
			productName = "FirebaseFunctionsCombine-Community";
		};
		7D53762A2AE01D6C00D338D5 /* FirebaseInAppMessaging-Beta */ = {
			isa = XCSwiftPackageProductDependency;
			package = 7D0A95132AD7CAE500F6836D /* XCRemoteSwiftPackageReference "firebase-ios-sdk" */;
			productName = "FirebaseInAppMessaging-Beta";
		};
		7D53762C2AE01D6C00D338D5 /* FirebaseInAppMessagingSwift-Beta */ = {
			isa = XCSwiftPackageProductDependency;
			package = 7D0A95132AD7CAE500F6836D /* XCRemoteSwiftPackageReference "firebase-ios-sdk" */;
			productName = "FirebaseInAppMessagingSwift-Beta";
		};
		7D53762E2AE01D6C00D338D5 /* FirebaseInstallations */ = {
			isa = XCSwiftPackageProductDependency;
			package = 7D0A95132AD7CAE500F6836D /* XCRemoteSwiftPackageReference "firebase-ios-sdk" */;
			productName = FirebaseInstallations;
		};
		7D5376302AE01D6C00D338D5 /* FirebaseMLModelDownloader */ = {
			isa = XCSwiftPackageProductDependency;
			package = 7D0A95132AD7CAE500F6836D /* XCRemoteSwiftPackageReference "firebase-ios-sdk" */;
			productName = FirebaseMLModelDownloader;
		};
		7D5376322AE01D6C00D338D5 /* FirebaseMessaging */ = {
			isa = XCSwiftPackageProductDependency;
			package = 7D0A95132AD7CAE500F6836D /* XCRemoteSwiftPackageReference "firebase-ios-sdk" */;
			productName = FirebaseMessaging;
		};
		7D5376342AE01D6C00D338D5 /* FirebasePerformance */ = {
			isa = XCSwiftPackageProductDependency;
			package = 7D0A95132AD7CAE500F6836D /* XCRemoteSwiftPackageReference "firebase-ios-sdk" */;
			productName = FirebasePerformance;
		};
		7D5376362AE01D6C00D338D5 /* FirebaseRemoteConfig */ = {
			isa = XCSwiftPackageProductDependency;
			package = 7D0A95132AD7CAE500F6836D /* XCRemoteSwiftPackageReference "firebase-ios-sdk" */;
			productName = FirebaseRemoteConfig;
		};
		7D5376382AE01D6C00D338D5 /* FirebaseRemoteConfigSwift */ = {
			isa = XCSwiftPackageProductDependency;
			package = 7D0A95132AD7CAE500F6836D /* XCRemoteSwiftPackageReference "firebase-ios-sdk" */;
			productName = FirebaseRemoteConfigSwift;
		};
		7D53763A2AE01D6C00D338D5 /* FirebaseStorage */ = {
			isa = XCSwiftPackageProductDependency;
			package = 7D0A95132AD7CAE500F6836D /* XCRemoteSwiftPackageReference "firebase-ios-sdk" */;
			productName = FirebaseStorage;
		};
		7D53763C2AE01D6C00D338D5 /* FirebaseStorageCombine-Community */ = {
			isa = XCSwiftPackageProductDependency;
			package = 7D0A95132AD7CAE500F6836D /* XCRemoteSwiftPackageReference "firebase-ios-sdk" */;
			productName = "FirebaseStorageCombine-Community";
		};
/* End XCSwiftPackageProductDependency section */
	};
	rootObject = 7DF11C1B2AB03D8E005C0AE3 /* Project object */;
}
